
Microsoft Visual Studio Solution File, Format Version 12.00
# Visual Studio Version 17
VisualStudioVersion = 17.14.36408.4 d17.14
MinimumVisualStudioVersion = 10.0.40219.1
Project("{FAE04EC0-301F-11D3-BF4B-00C04F79EFBC}") = "SelKirimDokumSite", "SelKirimDokumSite.csproj", "{61483878-217B-479D-8814-AFE215A27D4A}"
EndProject
Global
	GlobalSection(SolutionConfigurationPlatforms) = preSolution
		Debug|Any CPU = Debug|Any CPU
		Release|Any CPU = Release|Any CPU
	EndGlobalSection
	GlobalSection(ProjectConfigurationPlatforms) = postSolution
		{61483878-217B-479D-8814-AFE215A27D4A}.Debug|Any CPU.ActiveCfg = Debug|Any CPU
		{61483878-217B-479D-8814-AFE215A27D4A}.Debug|Any CPU.Build.0 = Debug|Any CPU
		{61483878-217B-479D-8814-AFE215A27D4A}.Release|Any CPU.ActiveCfg = Release|Any CPU
		{61483878-217B-479D-8814-AFE215A27D4A}.Release|Any CPU.Build.0 = Release|Any CPU
	EndGlobalSection
	GlobalSection(SolutionProperties) = preSolution
		HideSolutionNode = FALSE
	EndGlobalSection
	GlobalSection(ExtensibilityGlobals) = postSolution
		SolutionGuid = {D2552E41-03A7-4641-968A-1526D88C755A}
	EndGlobalSection
EndGlobal
